// !$*UTF8*$!
{
	archiveVersion = 1;
	classes = {
	};
	objectVersion = 77;
	objects = {

/* Begin PBXBuildFile section */
		AFA4BA102EAA263A000EB9AA /* SnapKit in Frameworks */ = {isa = PBXBuildFile; productRef = AFA4BA0F2EAA263A000EB9AA /* SnapKit */; };
/* End PBXBuildFile section */

/* Begin PBXContainerItemProxy section */
		AF7FE5B22EA41D7A00AFC097 /* PBXContainerItemProxy */ = {
			isa = PBXContainerItemProxy;
			containerPortal = AF7FE5932EA41D7900AFC097 /* Project object */;
			proxyType = 1;
			remoteGlobalIDString = AF7FE59A2EA41D7900AFC097;
			remoteInfo = HarukiUIKit;
		};
		AF7FE5BC2EA41D7A00AFC097 /* PBXContainerItemProxy */ = {
			isa = PBXContainerItemProxy;
			containerPortal = AF7FE5932EA41D7900AFC097 /* Project object */;
			proxyType = 1;
			remoteGlobalIDString = AF7FE59A2EA41D7900AFC097;
			remoteInfo = HarukiUIKit;
		};
/* End PBXContainerItemProxy section */

/* Begin PBXFileReference section */
		AFA4B9EC2EA8B9DB000EB9AA /* HarukiUIKit.app */ = {isa = PBXFileReference; explicitFileType = wrapper.application; includeInIndex = 0; name = HarukiUIKit.app; path = "/Users/uzer/Desktop/Прога/HarukiUIKit/build/Debug-iphoneos/HarukiUIKit.app"; sourceTree = "<absolute>"; };
		AFA4B9ED2EA8B9DB000EB9AA /* HarukiUIKitUITests.xctest */ = {isa = PBXFileReference; explicitFileType = wrapper.cfbundle; includeInIndex = 0; name = HarukiUIKitUITests.xctest; path = "/Users/uzer/Desktop/Прога/HarukiUIKit/build/Debug-iphoneos/HarukiUIKitUITests-Runner.app/PlugIns/HarukiUIKitUITests.xctest"; sourceTree = "<absolute>"; };
		AFA4B9EE2EA8B9DB000EB9AA /* HarukiUIKitTests.xctest */ = {isa = PBXFileReference; explicitFileType = wrapper.cfbundle; includeInIndex = 0; name = HarukiUIKitTests.xctest; path = "/Users/uzer/Desktop/Прога/HarukiUIKit/build/Debug-iphoneos/HarukiUIKit.app/PlugIns/HarukiUIKitTests.xctest"; sourceTree = "<absolute>"; };
/* End PBXFileReference section */

/* Begin PBXFileSystemSynchronizedBuildFileExceptionSet section */
		AF7FE5EB2EA41E1A00AFC097 /* Exceptions for "HarukiUIKit" folder in "HarukiUIKit" target */ = {
			isa = PBXFileSystemSynchronizedBuildFileExceptionSet;
			membershipExceptions = (
				Info.plist,
			);
			target = AF7FE59A2EA41D7900AFC097 /* HarukiUIKit */;
		};
		AF7FE5F72EA41ECF00AFC097 /* Exceptions for "HarukiUIKitUITests" folder in "HarukiUIKit" target */ = {
			isa = PBXFileSystemSynchronizedBuildFileExceptionSet;
			membershipExceptions = (
				HarukiUIKitUITests.swift,
				HarukiUIKitUITestsLaunchTests.swift,
			);
			target = AF7FE59A2EA41D7900AFC097 /* HarukiUIKit */;
		};
		AF7FE5F82EA41ECF00AFC097 /* Exceptions for "HarukiUIKitUITests" folder in "HarukiUIKitUITests" target */ = {
			isa = PBXFileSystemSynchronizedBuildFileExceptionSet;
			membershipExceptions = (
				HarukiUIKitUITests.swift,
				HarukiUIKitUITestsLaunchTests.swift,
			);
			target = AF7FE5BA2EA41D7A00AFC097 /* HarukiUIKitUITests */;
		};
		AF7FE6092EA41EE000AFC097 /* Exceptions for "HarukiUIKitTests" folder in "HarukiUIKit" target */ = {
			isa = PBXFileSystemSynchronizedBuildFileExceptionSet;
			membershipExceptions = (
				HarukiUIKitTests.swift,
			);
			target = AF7FE59A2EA41D7900AFC097 /* HarukiUIKit */;
		};
		AF7FE60A2EA41EE000AFC097 /* Exceptions for "HarukiUIKitTests" folder in "HarukiUIKitTests" target */ = {
			isa = PBXFileSystemSynchronizedBuildFileExceptionSet;
			membershipExceptions = (
				HarukiUIKitTests.swift,
			);
			target = AF7FE5B02EA41D7A00AFC097 /* HarukiUIKitTests */;
		};
/* End PBXFileSystemSynchronizedBuildFileExceptionSet section */

/* Begin PBXFileSystemSynchronizedRootGroup section */
		AF7FE5E52EA41E1A00AFC097 /* HarukiUIKit */ = {
			isa = PBXFileSystemSynchronizedRootGroup;
			exceptions = (
				AF7FE5EB2EA41E1A00AFC097 /* Exceptions for "HarukiUIKit" folder in "HarukiUIKit" target */,
			);
			path = HarukiUIKit;
			sourceTree = "<group>";
		};
		AF7FE5F42EA41ECF00AFC097 /* HarukiUIKitUITests */ = {
			isa = PBXFileSystemSynchronizedRootGroup;
			exceptions = (
				AF7FE5F72EA41ECF00AFC097 /* Exceptions for "HarukiUIKitUITests" folder in "HarukiUIKit" target */,
				AF7FE5F82EA41ECF00AFC097 /* Exceptions for "HarukiUIKitUITests" folder in "HarukiUIKitUITests" target */,
			);
			path = HarukiUIKitUITests;
			sourceTree = "<group>";
		};
		AF7FE6072EA41EE000AFC097 /* HarukiUIKitTests */ = {
			isa = PBXFileSystemSynchronizedRootGroup;
			exceptions = (
				AF7FE6092EA41EE000AFC097 /* Exceptions for "HarukiUIKitTests" folder in "HarukiUIKit" target */,
				AF7FE60A2EA41EE000AFC097 /* Exceptions for "HarukiUIKitTests" folder in "HarukiUIKitTests" target */,
			);
			path = HarukiUIKitTests;
			sourceTree = "<group>";
		};
/* End PBXFileSystemSynchronizedRootGroup section */

/* Begin PBXFrameworksBuildPhase section */
		AF7FE5982EA41D7900AFC097 /* Frameworks */ = {
			isa = PBXFrameworksBuildPhase;
			buildActionMask = 2147483647;
			files = (
				AFA4BA102EAA263A000EB9AA /* SnapKit in Frameworks */,
			);
			runOnlyForDeploymentPostprocessing = 0;
		};
		AF7FE5AE2EA41D7A00AFC097 /* Frameworks */ = {
			isa = PBXFrameworksBuildPhase;
			buildActionMask = 2147483647;
			files = (
			);
			runOnlyForDeploymentPostprocessing = 0;
		};
		AF7FE5B82EA41D7A00AFC097 /* Frameworks */ = {
			isa = PBXFrameworksBuildPhase;
			buildActionMask = 2147483647;
			files = (
			);
			runOnlyForDeploymentPostprocessing = 0;
		};
/* End PBXFrameworksBuildPhase section */

/* Begin PBXGroup section */
		AF7FE5922EA41D7900AFC097 = {
			isa = PBXGroup;
			children = (
				AF7FE5E52EA41E1A00AFC097 /* HarukiUIKit */,
				AF7FE5F42EA41ECF00AFC097 /* HarukiUIKitUITests */,
				AF7FE6072EA41EE000AFC097 /* HarukiUIKitTests */,
			);
			sourceTree = "<group>";
		};
/* End PBXGroup section */

/* Begin PBXNativeTarget section */
		AF7FE59A2EA41D7900AFC097 /* HarukiUIKit */ = {
			isa = PBXNativeTarget;
			buildConfigurationList = AF7FE5C42EA41D7A00AFC097 /* Build configuration list for PBXNativeTarget "HarukiUIKit" */;
			buildPhases = (
				AF7FE5972EA41D7900AFC097 /* Sources */,
				AF7FE5982EA41D7900AFC097 /* Frameworks */,
				AF7FE5992EA41D7900AFC097 /* Resources */,
			);
			buildRules = (
			);
			dependencies = (
			);
			fileSystemSynchronizedGroups = (
				AF7FE5E52EA41E1A00AFC097 /* HarukiUIKit */,
				AF7FE5F42EA41ECF00AFC097 /* HarukiUIKitUITests */,
				AF7FE6072EA41EE000AFC097 /* HarukiUIKitTests */,
			);
			name = HarukiUIKit;
			packageProductDependencies = (
				AFA4BA0F2EAA263A000EB9AA /* SnapKit */,
			);
			productName = HarukiUIKit;
			productReference = AFA4B9EC2EA8B9DB000EB9AA /* HarukiUIKit.app */;
			productType = "com.apple.product-type.application";
		};
		AF7FE5B02EA41D7A00AFC097 /* HarukiUIKitTests */ = {
			isa = PBXNativeTarget;
			buildConfigurationList = AF7FE5C92EA41D7A00AFC097 /* Build configuration list for PBXNativeTarget "HarukiUIKitTests" */;
			buildPhases = (
				AF7FE5AD2EA41D7A00AFC097 /* Sources */,
				AF7FE5AE2EA41D7A00AFC097 /* Frameworks */,
				AF7FE5AF2EA41D7A00AFC097 /* Resources */,
			);
			buildRules = (
			);
			dependencies = (
				AF7FE5B32EA41D7A00AFC097 /* PBXTargetDependency */,
			);
			name = HarukiUIKitTests;
			packageProductDependencies = (
			);
			productName = HarukiUIKitTests;
			productReference = AFA4B9EE2EA8B9DB000EB9AA /* HarukiUIKitTests.xctest */;
			productType = "com.apple.product-type.bundle.unit-test";
		};
		AF7FE5BA2EA41D7A00AFC097 /* HarukiUIKitUITests */ = {
			isa = PBXNativeTarget;
			buildConfigurationList = AF7FE5CC2EA41D7A00AFC097 /* Build configuration list for PBXNativeTarget "HarukiUIKitUITests" */;
			buildPhases = (
				AF7FE5B72EA41D7A00AFC097 /* Sources */,
				AF7FE5B82EA41D7A00AFC097 /* Frameworks */,
				AF7FE5B92EA41D7A00AFC097 /* Resources */,
			);
			buildRules = (
			);
			dependencies = (
				AF7FE5BD2EA41D7A00AFC097 /* PBXTargetDependency */,
			);
			name = HarukiUIKitUITests;
			packageProductDependencies = (
			);
			productName = HarukiUIKitUITests;
			productReference = AFA4B9ED2EA8B9DB000EB9AA /* HarukiUIKitUITests.xctest */;
			productType = "com.apple.product-type.bundle.ui-testing";
		};
/* End PBXNativeTarget section */

/* Begin PBXProject section */
		AF7FE5932EA41D7900AFC097 /* Project object */ = {
			isa = PBXProject;
			attributes = {
				BuildIndependentTargetsInParallel = 1;
				LastSwiftUpdateCheck = 2600;
				LastUpgradeCheck = 2600;
				TargetAttributes = {
					AF7FE59A2EA41D7900AFC097 = {
						CreatedOnToolsVersion = 26.0.1;
					};
					AF7FE5B02EA41D7A00AFC097 = {
						CreatedOnToolsVersion = 26.0.1;
						TestTargetID = AF7FE59A2EA41D7900AFC097;
					};
					AF7FE5BA2EA41D7A00AFC097 = {
						CreatedOnToolsVersion = 26.0.1;
						TestTargetID = AF7FE59A2EA41D7900AFC097;
					};
				};
			};
			buildConfigurationList = AF7FE5962EA41D7900AFC097 /* Build configuration list for PBXProject "HarukiUIKit" */;
			developmentRegion = en;
			hasScannedForEncodings = 0;
			knownRegions = (
				en,
				Base,
			);
			mainGroup = AF7FE5922EA41D7900AFC097;
			minimizedProjectReferenceProxies = 1;
			packageReferences = (
				AFA4BA0E2EAA263A000EB9AA /* XCRemoteSwiftPackageReference "SnapKit" */,
			);
			preferredProjectObjectVersion = 77;
			productRefGroup = AF7FE5922EA41D7900AFC097;
			projectDirPath = "";
			projectRoot = "";
			targets = (
				AF7FE59A2EA41D7900AFC097 /* HarukiUIKit */,
				AF7FE5B02EA41D7A00AFC097 /* HarukiUIKitTests */,
				AF7FE5BA2EA41D7A00AFC097 /* HarukiUIKitUITests */,
			);
		};
/* End PBXProject section */

/* Begin PBXResourcesBuildPhase section */
		AF7FE5992EA41D7900AFC097 /* Resources */ = {
			isa = PBXResourcesBuildPhase;
			buildActionMask = 2147483647;
			files = (
			);
			runOnlyForDeploymentPostprocessing = 0;
		};
		AF7FE5AF2EA41D7A00AFC097 /* Resources */ = {
			isa = PBXResourcesBuildPhase;
			buildActionMask = 2147483647;
			files = (
			);
			runOnlyForDeploymentPostprocessing = 0;
		};
		AF7FE5B92EA41D7A00AFC097 /* Resources */ = {
			isa = PBXResourcesBuildPhase;
			buildActionMask = 2147483647;
			files = (
			);
			runOnlyForDeploymentPostprocessing = 0;
		};
/* End PBXResourcesBuildPhase section */

/* Begin PBXSourcesBuildPhase section */
		AF7FE5972EA41D7900AFC097 /* Sources */ = {
			isa = PBXSourcesBuildPhase;
			buildActionMask = 2147483647;
			files = (
			);
			runOnlyForDeploymentPostprocessing = 0;
		};
		AF7FE5AD2EA41D7A00AFC097 /* Sources */ = {
			isa = PBXSourcesBuildPhase;
			buildActionMask = 2147483647;
			files = (
			);
			runOnlyForDeploymentPostprocessing = 0;
		};
		AF7FE5B72EA41D7A00AFC097 /* Sources */ = {
			isa = PBXSourcesBuildPhase;
			buildActionMask = 2147483647;
			files = (
			);
			runOnlyForDeploymentPostprocessing = 0;
		};
/* End PBXSourcesBuildPhase section */

/* Begin PBXTargetDependency section */
		AF7FE5B32EA41D7A00AFC097 /* PBXTargetDependency */ = {
			isa = PBXTargetDependency;
			target = AF7FE59A2EA41D7900AFC097 /* HarukiUIKit */;
			targetProxy = AF7FE5B22EA41D7A00AFC097 /* PBXContainerItemProxy */;
		};
		AF7FE5BD2EA41D7A00AFC097 /* PBXTargetDependency */ = {
			isa = PBXTargetDependency;
			target = AF7FE59A2EA41D7900AFC097 /* HarukiUIKit */;
			targetProxy = AF7FE5BC2EA41D7A00AFC097 /* PBXContainerItemProxy */;
		};
/* End PBXTargetDependency section */

/* Begin XCBuildConfiguration section */
		AF7FE5C52EA41D7A00AFC097 /* Debug */ = {
			isa = XCBuildConfiguration;
			buildSettings = {
				ASSETCATALOG_COMPILER_APPICON_NAME = AppIcon;
				ASSETCATALOG_COMPILER_GLOBAL_ACCENT_COLOR_NAME = AccentColor;
				CODE_SIGN_STYLE = Automatic;
				CURRENT_PROJECT_VERSION = 1;
				DEVELOPMENT_TEAM = YP54583LG6;
				GENERATE_INFOPLIST_FILE = YES;
				INFOPLIST_FILE = HarukiUIKit/Info.plist;
				INFOPLIST_KEY_UIApplicationSupportsIndirectInputEvents = YES;
				INFOPLIST_KEY_UILaunchStoryboardName = LaunchScreen;
				INFOPLIST_KEY_UISupportedInterfaceOrientations_iPad = "UIInterfaceOrientationPortrait UIInterfaceOrientationPortraitUpsideDown UIInterfaceOrientationLandscapeLeft UIInterfaceOrientationLandscapeRight";
				INFOPLIST_KEY_UISupportedInterfaceOrientations_iPhone = "UIInterfaceOrientationPortrait UIInterfaceOrientationLandscapeLeft UIInterfaceOrientationLandscapeRight";
				IPHONEOS_DEPLOYMENT_TARGET = 26.0;
				LD_RUNPATH_SEARCH_PATHS = (
					"$(inherited)",
					"@executable_path/Frameworks",
				);
				MARKETING_VERSION = 1.0;
				PRODUCT_BUNDLE_IDENTIFIER = Solo.HarukiUIKit;
				PRODUCT_NAME = "$(TARGET_NAME)";
				STRING_CATALOG_GENERATE_SYMBOLS = YES;
				SWIFT_APPROACHABLE_CONCURRENCY = YES;
				SWIFT_DEFAULT_ACTOR_ISOLATION = MainActor;
				SWIFT_EMIT_LOC_STRINGS = YES;
				SWIFT_UPCOMING_FEATURE_MEMBER_IMPORT_VISIBILITY = YES;
				SWIFT_VERSION = 6.0;
				TARGETED_DEVICE_FAMILY = "1,2";
			};
			name = Debug;
		};
		AF7FE5C62EA41D7A00AFC097 /* Release */ = {
			isa = XCBuildConfiguration;
			buildSettings = {
				ASSETCATALOG_COMPILER_APPICON_NAME = AppIcon;
				ASSETCATALOG_COMPILER_GLOBAL_ACCENT_COLOR_NAME = AccentColor;
				CODE_SIGN_STYLE = Automatic;
				CURRENT_PROJECT_VERSION = 1;
				DEVELOPMENT_TEAM = YP54583LG6;
				GENERATE_INFOPLIST_FILE = YES;
				INFOPLIST_FILE = HarukiUIKit/Info.plist;
				INFOPLIST_KEY_UIApplicationSupportsIndirectInputEvents = YES;
				INFOPLIST_KEY_UILaunchStoryboardName = LaunchScreen;
				INFOPLIST_KEY_UISupportedInterfaceOrientations_iPad = "UIInterfaceOrientationPortrait UIInterfaceOrientationPortraitUpsideDown UIInterfaceOrientationLandscapeLeft UIInterfaceOrientationLandscapeRight";
				INFOPLIST_KEY_UISupportedInterfaceOrientations_iPhone = "UIInterfaceOrientationPortrait UIInterfaceOrientationLandscapeLeft UIInterfaceOrientationLandscapeRight";
				IPHONEOS_DEPLOYMENT_TARGET = 26.0;
				LD_RUNPATH_SEARCH_PATHS = (
					"$(inherited)",
					"@executable_path/Frameworks",
				);
				MARKETING_VERSION = 1.0;
				PRODUCT_BUNDLE_IDENTIFIER = Solo.HarukiUIKit;
				PRODUCT_NAME = "$(TARGET_NAME)";
				STRING_CATALOG_GENERATE_SYMBOLS = YES;
				SWIFT_APPROACHABLE_CONCURRENCY = YES;
				SWIFT_DEFAULT_ACTOR_ISOLATION = MainActor;
				SWIFT_EMIT_LOC_STRINGS = YES;
				SWIFT_UPCOMING_FEATURE_MEMBER_IMPORT_VISIBILITY = YES;
				SWIFT_VERSION = 6.0;
				TARGETED_DEVICE_FAMILY = "1,2";
			};
			name = Release;
		};
		AF7FE5C72EA41D7A00AFC097 /* Debug */ = {
			isa = XCBuildConfiguration;
			buildSettings = {
				ALWAYS_SEARCH_USER_PATHS = NO;
				ASSETCATALOG_COMPILER_GENERATE_SWIFT_ASSET_SYMBOL_EXTENSIONS = YES;
				CLANG_ANALYZER_NONNULL = YES;
				CLANG_ANALYZER_NUMBER_OBJECT_CONVERSION = YES_AGGRESSIVE;
				CLANG_CXX_LANGUAGE_STANDARD = "gnu++20";
				CLANG_ENABLE_MODULES = YES;
				CLANG_ENABLE_OBJC_ARC = YES;
				CLANG_ENABLE_OBJC_WEAK = YES;
				CLANG_WARN_BLOCK_CAPTURE_AUTORELEASING = YES;
				CLANG_WARN_BOOL_CONVERSION = YES;
				CLANG_WARN_COMMA = YES;
				CLANG_WARN_CONSTANT_CONVERSION = YES;
				CLANG_WARN_DEPRECATED_OBJC_IMPLEMENTATIONS = YES;
				CLANG_WARN_DIRECT_OBJC_ISA_USAGE = YES_ERROR;
				CLANG_WARN_DOCUMENTATION_COMMENTS = YES;
				CLANG_WARN_EMPTY_BODY = YES;
				CLANG_WARN_ENUM_CONVERSION = YES;
				CLANG_WARN_INFINITE_RECURSION = YES;
				CLANG_WARN_INT_CONVERSION = YES;
				CLANG_WARN_NON_LITERAL_NULL_CONVERSION = YES;
				CLANG_WARN_OBJC_IMPLICIT_RETAIN_SELF = YES;
				CLANG_WARN_OBJC_LITERAL_CONVERSION = YES;
				CLANG_WARN_OBJC_ROOT_CLASS = YES_ERROR;
				CLANG_WARN_QUOTED_INCLUDE_IN_FRAMEWORK_HEADER = YES;
				CLANG_WARN_RANGE_LOOP_ANALYSIS = YES;
				CLANG_WARN_STRICT_PROTOTYPES = YES;
				CLANG_WARN_SUSPICIOUS_MOVE = YES;
				CLANG_WARN_UNGUARDED_AVAILABILITY = YES_AGGRESSIVE;
				CLANG_WARN_UNREACHABLE_CODE = YES;
				CLANG_WARN__DUPLICATE_METHOD_MATCH = YES;
				COPY_PHASE_STRIP = NO;
				DEBUG_INFORMATION_FORMAT = dwarf;
				DEVELOPMENT_TEAM = YP54583LG6;
				ENABLE_STRICT_OBJC_MSGSEND = YES;
				ENABLE_TESTABILITY = YES;
				ENABLE_USER_SCRIPT_SANDBOXING = YES;
				GCC_C_LANGUAGE_STANDARD = gnu17;
				GCC_DYNAMIC_NO_PIC = NO;
				GCC_NO_COMMON_BLOCKS = YES;
				GCC_OPTIMIZATION_LEVEL = 0;
				GCC_PREPROCESSOR_DEFINITIONS = (
					"DEBUG=1",
					"$(inherited)",
				);
				GCC_WARN_64_TO_32_BIT_CONVERSION = YES;
				GCC_WARN_ABOUT_RETURN_TYPE = YES_ERROR;
				GCC_WARN_UNDECLARED_SELECTOR = YES;
				GCC_WARN_UNINITIALIZED_AUTOS = YES_AGGRESSIVE;
				GCC_WARN_UNUSED_FUNCTION = YES;
				GCC_WARN_UNUSED_VARIABLE = YES;
				IPHONEOS_DEPLOYMENT_TARGET = 26.0;
				LOCALIZATION_PREFERS_STRING_CATALOGS = YES;
				MTL_ENABLE_DEBUG_INFO = INCLUDE_SOURCE;
				MTL_FAST_MATH = YES;
				ONLY_ACTIVE_ARCH = YES;
				SDKROOT = iphoneos;
				SWIFT_ACTIVE_COMPILATION_CONDITIONS = "DEBUG $(inherited)";
				SWIFT_OPTIMIZATION_LEVEL = "-Onone";
			};
			name = Debug;
		};
		AF7FE5C82EA41D7A00AFC097 /* Release */ = {
			isa = XCBuildConfiguration;
			buildSettings = {
				ALWAYS_SEARCH_USER_PATHS = NO;
				ASSETCATALOG_COMPILER_GENERATE_SWIFT_ASSET_SYMBOL_EXTENSIONS = YES;
				CLANG_ANALYZER_NONNULL = YES;
				CLANG_ANALYZER_NUMBER_OBJECT_CONVERSION = YES_AGGRESSIVE;
				CLANG_CXX_LANGUAGE_STANDARD = "gnu++20";
				CLANG_ENABLE_MODULES = YES;
				CLANG_ENABLE_OBJC_ARC = YES;
				CLANG_ENABLE_OBJC_WEAK = YES;
				CLANG_WARN_BLOCK_CAPTURE_AUTORELEASING = YES;
				CLANG_WARN_BOOL_CONVERSION = YES;
				CLANG_WARN_COMMA = YES;
				CLANG_WARN_CONSTANT_CONVERSION = YES;
				CLANG_WARN_DEPRECATED_OBJC_IMPLEMENTATIONS = YES;
				CLANG_WARN_DIRECT_OBJC_ISA_USAGE = YES_ERROR;
				CLANG_WARN_DOCUMENTATION_COMMENTS = YES;
				CLANG_WARN_EMPTY_BODY = YES;
				CLANG_WARN_ENUM_CONVERSION = YES;
				CLANG_WARN_INFINITE_RECURSION = YES;
				CLANG_WARN_INT_CONVERSION = YES;
				CLANG_WARN_NON_LITERAL_NULL_CONVERSION = YES;
				CLANG_WARN_OBJC_IMPLICIT_RETAIN_SELF = YES;
				CLANG_WARN_OBJC_LITERAL_CONVERSION = YES;
				CLANG_WARN_OBJC_ROOT_CLASS = YES_ERROR;
				CLANG_WARN_QUOTED_INCLUDE_IN_FRAMEWORK_HEADER = YES;
				CLANG_WARN_RANGE_LOOP_ANALYSIS = YES;
				CLANG_WARN_STRICT_PROTOTYPES = YES;
				CLANG_WARN_SUSPICIOUS_MOVE = YES;
				CLANG_WARN_UNGUARDED_AVAILABILITY = YES_AGGRESSIVE;
				CLANG_WARN_UNREACHABLE_CODE = YES;
				CLANG_WARN__DUPLICATE_METHOD_MATCH = YES;
				COPY_PHASE_STRIP = NO;
				DEBUG_INFORMATION_FORMAT = "dwarf-with-dsym";
				DEVELOPMENT_TEAM = YP54583LG6;
				ENABLE_NS_ASSERTIONS = NO;
				ENABLE_STRICT_OBJC_MSGSEND = YES;
				ENABLE_USER_SCRIPT_SANDBOXING = YES;
				GCC_C_LANGUAGE_STANDARD = gnu17;
				GCC_NO_COMMON_BLOCKS = YES;
				GCC_WARN_64_TO_32_BIT_CONVERSION = YES;
				GCC_WARN_ABOUT_RETURN_TYPE = YES_ERROR;
				GCC_WARN_UNDECLARED_SELECTOR = YES;
				GCC_WARN_UNINITIALIZED_AUTOS = YES_AGGRESSIVE;
				GCC_WARN_UNUSED_FUNCTION = YES;
				GCC_WARN_UNUSED_VARIABLE = YES;
				IPHONEOS_DEPLOYMENT_TARGET = 26.0;
				LOCALIZATION_PREFERS_STRING_CATALOGS = YES;
				MTL_ENABLE_DEBUG_INFO = NO;
				MTL_FAST_MATH = YES;
				SDKROOT = iphoneos;
				SWIFT_COMPILATION_MODE = wholemodule;
				VALIDATE_PRODUCT = YES;
			};
			name = Release;
		};
		AF7FE5CA2EA41D7A00AFC097 /* Debug */ = {
			isa = XCBuildConfiguration;
			buildSettings = {
				BUNDLE_LOADER = "$(TEST_HOST)";
				CODE_SIGN_STYLE = Automatic;
				CURRENT_PROJECT_VERSION = 1;
				DEVELOPMENT_TEAM = YP54583LG6;
				GENERATE_INFOPLIST_FILE = YES;
				IPHONEOS_DEPLOYMENT_TARGET = 26.0;
				MARKETING_VERSION = 1.0;
				PRODUCT_BUNDLE_IDENTIFIER = Solo.HarukiUIKitTests;
				PRODUCT_NAME = "$(TARGET_NAME)";
				STRING_CATALOG_GENERATE_SYMBOLS = NO;
				SWIFT_APPROACHABLE_CONCURRENCY = YES;
				SWIFT_EMIT_LOC_STRINGS = NO;
				SWIFT_UPCOMING_FEATURE_MEMBER_IMPORT_VISIBILITY = YES;
				SWIFT_VERSION = 5.0;
				TARGETED_DEVICE_FAMILY = "1,2";
				TEST_HOST = "$(BUILT_PRODUCTS_DIR)/HarukiUIKit.app/$(BUNDLE_EXECUTABLE_FOLDER_PATH)/HarukiUIKit";
			};
			name = Debug;
		};
		AF7FE5CB2EA41D7A00AFC097 /* Release */ = {
			isa = XCBuildConfiguration;
			buildSettings = {
				BUNDLE_LOADER = "$(TEST_HOST)";
				CODE_SIGN_STYLE = Automatic;
				CURRENT_PROJECT_VERSION = 1;
				DEVELOPMENT_TEAM = YP54583LG6;
				GENERATE_INFOPLIST_FILE = YES;
				IPHONEOS_DEPLOYMENT_TARGET = 26.0;
				MARKETING_VERSION = 1.0;
				PRODUCT_BUNDLE_IDENTIFIER = Solo.HarukiUIKitTests;
				PRODUCT_NAME = "$(TARGET_NAME)";
				STRING_CATALOG_GENERATE_SYMBOLS = NO;
				SWIFT_APPROACHABLE_CONCURRENCY = YES;
				SWIFT_EMIT_LOC_STRINGS = NO;
				SWIFT_UPCOMING_FEATURE_MEMBER_IMPORT_VISIBILITY = YES;
				SWIFT_VERSION = 5.0;
				TARGETED_DEVICE_FAMILY = "1,2";
				TEST_HOST = "$(BUILT_PRODUCTS_DIR)/HarukiUIKit.app/$(BUNDLE_EXECUTABLE_FOLDER_PATH)/HarukiUIKit";
			};
			name = Release;
		};
		AF7FE5CD2EA41D7A00AFC097 /* Debug */ = {
			isa = XCBuildConfiguration;
			buildSettings = {
				CODE_SIGN_STYLE = Automatic;
				CURRENT_PROJECT_VERSION = 1;
				DEVELOPMENT_TEAM = YP54583LG6;
				GENERATE_INFOPLIST_FILE = YES;
				MARKETING_VERSION = 1.0;
				PRODUCT_BUNDLE_IDENTIFIER = Solo.HarukiUIKitUITests;
				PRODUCT_NAME = "$(TARGET_NAME)";
				STRING_CATALOG_GENERATE_SYMBOLS = NO;
				SWIFT_APPROACHABLE_CONCURRENCY = YES;
				SWIFT_EMIT_LOC_STRINGS = NO;
				SWIFT_UPCOMING_FEATURE_MEMBER_IMPORT_VISIBILITY = YES;
				SWIFT_VERSION = 5.0;
				TARGETED_DEVICE_FAMILY = "1,2";
				TEST_TARGET_NAME = HarukiUIKit;
			};
			name = Debug;
		};
		AF7FE5CE2EA41D7A00AFC097 /* Release */ = {
			isa = XCBuildConfiguration;
			buildSettings = {
				CODE_SIGN_STYLE = Automatic;
				CURRENT_PROJECT_VERSION = 1;
				DEVELOPMENT_TEAM = YP54583LG6;
				GENERATE_INFOPLIST_FILE = YES;
				MARKETING_VERSION = 1.0;
				PRODUCT_BUNDLE_IDENTIFIER = Solo.HarukiUIKitUITests;
				PRODUCT_NAME = "$(TARGET_NAME)";
				STRING_CATALOG_GENERATE_SYMBOLS = NO;
				SWIFT_APPROACHABLE_CONCURRENCY = YES;
				SWIFT_EMIT_LOC_STRINGS = NO;
				SWIFT_UPCOMING_FEATURE_MEMBER_IMPORT_VISIBILITY = YES;
				SWIFT_VERSION = 5.0;
				TARGETED_DEVICE_FAMILY = "1,2";
				TEST_TARGET_NAME = HarukiUIKit;
			};
			name = Release;
		};
/* End XCBuildConfiguration section */

/* Begin XCConfigurationList section */
		AF7FE5962EA41D7900AFC097 /* Build configuration list for PBXProject "HarukiUIKit" */ = {
			isa = XCConfigurationList;
			buildConfigurations = (
				AF7FE5C72EA41D7A00AFC097 /* Debug */,
				AF7FE5C82EA41D7A00AFC097 /* Release */,
			);
			defaultConfigurationIsVisible = 0;
			defaultConfigurationName = Release;
		};
		AF7FE5C42EA41D7A00AFC097 /* Build configuration list for PBXNativeTarget "HarukiUIKit" */ = {
			isa = XCConfigurationList;
			buildConfigurations = (
				AF7FE5C52EA41D7A00AFC097 /* Debug */,
				AF7FE5C62EA41D7A00AFC097 /* Release */,
			);
			defaultConfigurationIsVisible = 0;
			defaultConfigurationName = Release;
		};
		AF7FE5C92EA41D7A00AFC097 /* Build configuration list for PBXNativeTarget "HarukiUIKitTests" */ = {
			isa = XCConfigurationList;
			buildConfigurations = (
				AF7FE5CA2EA41D7A00AFC097 /* Debug */,
				AF7FE5CB2EA41D7A00AFC097 /* Release */,
			);
			defaultConfigurationIsVisible = 0;
			defaultConfigurationName = Release;
		};
		AF7FE5CC2EA41D7A00AFC097 /* Build configuration list for PBXNativeTarget "HarukiUIKitUITests" */ = {
			isa = XCConfigurationList;
			buildConfigurations = (
				AF7FE5CD2EA41D7A00AFC097 /* Debug */,
				AF7FE5CE2EA41D7A00AFC097 /* Release */,
			);
			defaultConfigurationIsVisible = 0;
			defaultConfigurationName = Release;
		};
/* End XCConfigurationList section */

/* Begin XCRemoteSwiftPackageReference section */
		AFA4BA0E2EAA263A000EB9AA /* XCRemoteSwiftPackageReference "SnapKit" */ = {
			isa = XCRemoteSwiftPackageReference;
			repositoryURL = "https://github.com/SnapKit/SnapKit";
			requirement = {
				kind = upToNextMajorVersion;
				minimumVersion = 5.7.1;
			};
		};
/* End XCRemoteSwiftPackageReference section */

/* Begin XCSwiftPackageProductDependency section */
		AFA4BA0F2EAA263A000EB9AA /* SnapKit */ = {
			isa = XCSwiftPackageProductDependency;
			package = AFA4BA0E2EAA263A000EB9AA /* XCRemoteSwiftPackageReference "SnapKit" */;
			productName = SnapKit;
		};
/* End XCSwiftPackageProductDependency section */
	};
	rootObject = AF7FE5932EA41D7900AFC097 /* Project object */;
}
